# This file is generated by running "yarn install" inside your project.
# Manual changes might be lost - proceed with caution!

__metadata:
  version: 9
  cacheKey: 10c0

"@bufbuild/protobuf@npm:^2.0.0, @bufbuild/protobuf@npm:^2.10.2":
  version: 2.11.0
  resolution: "@bufbuild/protobuf@npm:2.11.0"
  checksum: 10c0/d54fffd414660b823999cc321d26bd6c5f18a6e75343fc7d2588bda5be540ec542b557ac1f03d6d4b6e9d3e5596b2016e58cda173cd1858c043f0e846ece453f
  languageName: node
  linkType: hard

"case-anything@npm:^2.1.13":
  version: 2.1.13
  resolution: "case-anything@npm:2.1.13"
  checksum: 10c0/b02ffa51d7d58b9a32df7b40973836e16afad131eae7d343e64cb3ca7be57a936bf3d6c9d57a7aa242cf2f545d9a33990b755e93bcac2517761d77773a4a6a30
  languageName: node
  linkType: hard

"detect-libc@npm:^1.0.3":
  version: 1.0.3
  resolution: "detect-libc@npm:1.0.3"
  bin:
    detect-libc: ./bin/detect-libc.js
  checksum: 10c0/4da0deae9f69e13bc37a0902d78bf7169480004b1fed3c19722d56cff578d16f0e11633b7fbf5fb6249181236c72e90024cbd68f0b9558ae06e281f47326d50d
  languageName: node
  linkType: hard

"dprint-node@npm:^1.0.8":
  version: 1.0.8
  resolution: "dprint-node@npm:1.0.8"
  dependencies:
    detect-libc: "npm:^1.0.3"
  checksum: 10c0/39c1f8511833226cde773129afc5862dfd05babe062375e6b1f5824e221a5743a4d9c48626f32f7c2080113566270fe80521a50acb9029a20a2e80a3cd5e4106
  languageName: node
  linkType: hard

"root-workspace-0b6124@workspace:.":
  version: 0.0.0-use.local
  resolution: "root-workspace-0b6124@workspace:."
  dependencies:
    ts-proto: "npm:^2.11.6"
  languageName: unknown
  linkType: soft

"ts-poet@npm:^6.12.0":
  version: 6.12.0
  resolution: "ts-poet@npm:6.12.0"
  dependencies:
    dprint-node: "npm:^1.0.8"
  checksum: 10c0/605ac770055259b618ba657b88995f7851d8a6106d9c335e71c8442be51a9b8a87c501aa7ab4babb43700a32ff47dc1cd877f78892c15166ded87c311c878735
  languageName: node
  linkType: hard

"ts-proto-descriptors@npm:2.1.0":
  version: 2.1.0
  resolution: "ts-proto-descriptors@npm:2.1.0"
  dependencies:
    "@bufbuild/protobuf": "npm:^2.0.0"
  checksum: 10c0/5695def6c31b7f3f8561876361a2db9f1ad859613fdcf1c7ffd093c3477fea4552ccccef9c99cd63ca2a215a7187e20e0de1fc942e2996d6671c25c6b190bf31
  languageName: node
  linkType: hard

"ts-proto@npm:^2.11.6":
  version: 2.11.6
  resolution: "ts-proto@npm:2.11.6"
  dependencies:
    "@bufbuild/protobuf": "npm:^2.10.2"
    case-anything: "npm:^2.1.13"
    ts-poet: "npm:^6.12.0"
    ts-proto-descriptors: "npm:2.1.0"
  bin:
    protoc-gen-ts_proto: protoc-gen-ts_proto
  checksum: 10c0/113f5749b6866e321a0d56585bac14feebda5b17a077d7b156a76ea265b445ad1c799befdd5c5152f53ebfc7d8216336034f1596a5bf4d859da79f9c7cac2a4e
  languageName: node
  linkType: hard
